
Microsoft Visual Studio Solution File, Format Version 12.00
# Visual Studio Version 17
VisualStudioVersion = 17.4.33205.214
MinimumVisualStudioVersion = 10.0.40219.1
Project("{9A19103F-16F7-4668-BE54-9A1E7A4F7556}") = "CSharpConcept", "CSharpConcept\CSharpConcept.csproj", "{76047FEF-F316-4C4E-9185-43F6AD701607}"
EndProject
Project("{9A19103F-16F7-4668-BE54-9A1E7A4F7556}") = "CSharpAssignment", "CSharpAssignment\CSharpAssignment.csproj", "{0DCF882E-0CA0-4568-9812-0CC85E362749}"
EndProject
Project("{FAE04EC0-301F-11D3-BF4B-00C04F79EFBC}") = "EmployeeProject", "EmployeeProject\EmployeeProject.csproj", "{266909F4-FDAE-4484-B82D-DE83707C45FF}"
EndProject
Project("{FAE04EC0-301F-11D3-BF4B-00C04F79EFBC}") = "SchoolManagement", "SchoolManagement\SchoolManagement.csproj", "{26299DC6-2E02-462D-A501-58BC4EB01B93}"
EndProject
Project("{FAE04EC0-301F-11D3-BF4B-00C04F79EFBC}") = "ShoppingCartProject", "ShoppingCartProject\ShoppingCartProject.csproj", "{B7A210D5-4977-42D2-8720-7D8DC67FADB3}"
EndProject
Global
	GlobalSection(SolutionConfigurationPlatforms) = preSolution
		Debug|Any CPU = Debug|Any CPU
		Release|Any CPU = Release|Any CPU
	EndGlobalSection
	GlobalSection(ProjectConfigurationPlatforms) = postSolution
		{76047FEF-F316-4C4E-9185-43F6AD701607}.Debug|Any CPU.ActiveCfg = Debug|Any CPU
		{76047FEF-F316-4C4E-9185-43F6AD701607}.Debug|Any CPU.Build.0 = Debug|Any CPU
		{76047FEF-F316-4C4E-9185-43F6AD701607}.Release|Any CPU.ActiveCfg = Release|Any CPU
		{76047FEF-F316-4C4E-9185-43F6AD701607}.Release|Any CPU.Build.0 = Release|Any CPU
		{0DCF882E-0CA0-4568-9812-0CC85E362749}.Debug|Any CPU.ActiveCfg = Debug|Any CPU
		{0DCF882E-0CA0-4568-9812-0CC85E362749}.Debug|Any CPU.Build.0 = Debug|Any CPU
		{0DCF882E-0CA0-4568-9812-0CC85E362749}.Release|Any CPU.ActiveCfg = Release|Any CPU
		{0DCF882E-0CA0-4568-9812-0CC85E362749}.Release|Any CPU.Build.0 = Release|Any CPU
		{266909F4-FDAE-4484-B82D-DE83707C45FF}.Debug|Any CPU.ActiveCfg = Debug|Any CPU
		{266909F4-FDAE-4484-B82D-DE83707C45FF}.Debug|Any CPU.Build.0 = Debug|Any CPU
		{266909F4-FDAE-4484-B82D-DE83707C45FF}.Release|Any CPU.ActiveCfg = Release|Any CPU
		{266909F4-FDAE-4484-B82D-DE83707C45FF}.Release|Any CPU.Build.0 = Release|Any CPU
		{26299DC6-2E02-462D-A501-58BC4EB01B93}.Debug|Any CPU.ActiveCfg = Debug|Any CPU
		{26299DC6-2E02-462D-A501-58BC4EB01B93}.Debug|Any CPU.Build.0 = Debug|Any CPU
		{26299DC6-2E02-462D-A501-58BC4EB01B93}.Release|Any CPU.ActiveCfg = Release|Any CPU
		{26299DC6-2E02-462D-A501-58BC4EB01B93}.Release|Any CPU.Build.0 = Release|Any CPU
		{B7A210D5-4977-42D2-8720-7D8DC67FADB3}.Debug|Any CPU.ActiveCfg = Debug|Any CPU
		{B7A210D5-4977-42D2-8720-7D8DC67FADB3}.Debug|Any CPU.Build.0 = Debug|Any CPU
		{B7A210D5-4977-42D2-8720-7D8DC67FADB3}.Release|Any CPU.ActiveCfg = Release|Any CPU
		{B7A210D5-4977-42D2-8720-7D8DC67FADB3}.Release|Any CPU.Build.0 = Release|Any CPU
	EndGlobalSection
	GlobalSection(SolutionProperties) = preSolution
		HideSolutionNode = FALSE
	EndGlobalSection
	GlobalSection(ExtensibilityGlobals) = postSolution
		SolutionGuid = {91D6CE9B-4991-44C8-AA27-82E2024E86FB}
	EndGlobalSection
EndGlobal
